<?xml version="1.0" encoding="utf-8"?>
<Project ToolsVersion="4.0" xmlns="http://schemas.microsoft.com/developer/msbuild/2003">
  <ItemGroup>
    <Filter Include="win32">
      <UniqueIdentifier>{84a8ebd7-7cf0-47f6-b75e-d441df67da40}</UniqueIdentifier>
    </Filter>
    <Filter Include="resource">
      <UniqueIdentifier>{715254bc-d70b-4ec5-bf29-467dd3ace079}</UniqueIdentifier>
    </Filter>
    <Filter Include="src">
      <UniqueIdentifier>{bb6c862e-70e9-49d9-81b7-3829a6f50471}</UniqueIdentifier>
    </Filter>
  </ItemGroup>
  <ItemGroup>
    <ClCompile Include="main.cpp">
      <Filter>win32</Filter>
    </ClCompile>
    <ClCompile Include="..\Classes\AppDelegate.cpp">
      <Filter>src</Filter>
    </ClCompile>
    <ClCompile Include="..\Classes\HelloWorldScene.cpp">
      <Filter>src</Filter>
    </ClCompile>
    <ClCompile Include="..\Classes\ChineseWorld.cpp">
      <Filter>src</Filter>
    </ClCompile>
    <ClCompile Include="..\Classes\GameAudio.cpp">
      <Filter>src</Filter>
    </ClCompile>
    <ClCompile Include="..\Classes\GameData.cpp">
      <Filter>src</Filter>
    </ClCompile>
    <ClCompile Include="..\Classes\GameStartScene.cpp">
      <Filter>src</Filter>
    </ClCompile>
    <ClCompile Include="..\Classes\PlayerRank.cpp">
      <Filter>src</Filter>
    </ClCompile>
    <ClCompile Include="..\Classes\BlockParticle.cpp">
      <Filter>src</Filter>
    </ClCompile>
    <ClCompile Include="..\Classes\GameBlocks.cpp">
      <Filter>src</Filter>
    </ClCompile>
    <ClCompile Include="..\Classes\GameCountLabel.cpp">
      <Filter>src</Filter>
    </ClCompile>
    <ClCompile Include="..\Classes\GameLayerScene.cpp">
      <Filter>src</Filter>
    </ClCompile>
    <ClCompile Include="..\Classes\GameOverLabel.cpp">
      <Filter>src</Filter>
    </ClCompile>
    <ClCompile Include="..\Classes\GameOverScenecpp.cpp">
      <Filter>src</Filter>
    </ClCompile>
    <ClCompile Include="..\Classes\PayForGame.cpp">
      <Filter>src</Filter>
    </ClCompile>
    <ClCompile Include="..\Classes\Payhandler.cpp">
      <Filter>src</Filter>
    </ClCompile>
    <ClCompile Include="..\Classes\MusicInfoUtil.cpp">
      <Filter>src</Filter>
    </ClCompile>
  </ItemGroup>
  <ItemGroup>
    <ClInclude Include="main.h">
      <Filter>win32</Filter>
    </ClInclude>
    <ClInclude Include="..\Classes\AppDelegate.h">
      <Filter>src</Filter>
    </ClInclude>
    <ClInclude Include="..\Classes\HelloWorldScene.h">
      <Filter>src</Filter>
    </ClInclude>
    <ClInclude Include="..\Classes\ChineseWorld.h">
      <Filter>src</Filter>
    </ClInclude>
    <ClInclude Include="..\Classes\GameAudio.h">
      <Filter>src</Filter>
    </ClInclude>
    <ClInclude Include="..\Classes\GameData.h">
      <Filter>src</Filter>
    </ClInclude>
    <ClInclude Include="..\Classes\GameStartScene.h">
      <Filter>src</Filter>
    </ClInclude>
    <ClInclude Include="..\Classes\PlayerRank.h">
      <Filter>src</Filter>
    </ClInclude>
    <ClInclude Include="..\Classes\BlockParticle.h">
      <Filter>src</Filter>
    </ClInclude>
    <ClInclude Include="..\Classes\GameBlocks.h">
      <Filter>src</Filter>
    </ClInclude>
    <ClInclude Include="..\Classes\GameCountLabel.h">
      <Filter>src</Filter>
    </ClInclude>
    <ClInclude Include="..\Classes\GameDefinition.h">
      <Filter>src</Filter>
    </ClInclude>
    <ClInclude Include="..\Classes\GameLayerScene.h">
      <Filter>src</Filter>
    </ClInclude>
    <ClInclude Include="..\Classes\GameOverLabel.h">
      <Filter>src</Filter>
    </ClInclude>
    <ClInclude Include="..\Classes\GameOverScenecpp.h">
      <Filter>src</Filter>
    </ClInclude>
    <ClInclude Include="..\Classes\PayForGame.h">
      <Filter>src</Filter>
    </ClInclude>
    <ClInclude Include="..\Classes\Payhandler.h">
      <Filter>src</Filter>
    </ClInclude>
    <ClInclude Include="..\Classes\MusicInfoUtil.h">
      <Filter>src</Filter>
    </ClInclude>
  </ItemGroup>
  <ItemGroup>
    <ResourceCompile Include="game.rc">
      <Filter>resource</Filter>
    </ResourceCompile>
  </ItemGroup>
  <ItemGroup>
    <Image Include="..\Resources\background.png">
      <Filter>resource</Filter>
    </Image>
    <Image Include="..\Resources\begin.png">
      <Filter>resource</Filter>
    </Image>
    <Image Include="..\Resources\black.png">
      <Filter>resource</Filter>
    </Image>
    <Image Include="..\Resources\CloseNormal.png">
      <Filter>resource</Filter>
    </Image>
    <Image Include="..\Resources\CloseSelected.png">
      <Filter>resource</Filter>
    </Image>
    <Image Include="..\Resources\gray.png">
      <Filter>resource</Filter>
    </Image>
    <Image Include="..\Resources\HelloWorld.png">
      <Filter>resource</Filter>
    </Image>
    <Image Include="..\Resources\red.png">
      <Filter>resource</Filter>
    </Image>
    <Image Include="..\Resources\white.png">
      <Filter>resource</Filter>
    </Image>
    <Image Include="..\Resources\yellow.png">
      <Filter>resource</Filter>
    </Image>
  </ItemGroup>
  <ItemGroup>
    <None Include="..\Resources\ChineseWords.plist">
      <Filter>resource</Filter>
    </None>
    <None Include="..\Resources\gameinfo.px">
      <Filter>resource</Filter>
    </None>
    <None Include="..\Resources\gamepayplugin.px">
      <Filter>resource</Filter>
    </None>
    <None Include="..\Resources\skymobi_a">
      <Filter>resource</Filter>
    </None>
    <None Include="..\Resources\ZM_ChannelID">
      <Filter>resource</Filter>
    </None>
    <None Include="..\Resources\ZYF_ChannelID">
      <Filter>resource</Filter>
    </None>
  </ItemGroup>
</Project>